
Microsoft Visual Studio Solution File, Format Version 12.00
# Visual Studio Version 17
VisualStudioVersion = 17.0.31912.275
MinimumVisualStudioVersion = 10.0.40219.1
Project("{2150E333-8FDC-42A3-9474-1A3956D46DE8}") = "Solution Items", "Solution Items", "{885CBB85-AB29-4957-A4DD-A2977E7C5B8B}"
	ProjectSection(SolutionItems) = preProject
		.gitignore = .gitignore
		LICENSE = LICENSE
		README.md = README.md
	EndProjectSection
EndProject
Project("{FAE04EC0-301F-11D3-BF4B-00C04F79EFBC}") = "AoC2021", "AoC2021\AoC2021.csproj", "{6C096AB0-7C42-40B0-96FC-939C18A85975}"
EndProject
Global
	GlobalSection(SolutionConfigurationPlatforms) = preSolution
		Debug|Any CPU = Debug|Any CPU
		Release|Any CPU = Release|Any CPU
	EndGlobalSection
	GlobalSection(ProjectConfigurationPlatforms) = postSolution
		{6C096AB0-7C42-40B0-96FC-939C18A85975}.Debug|Any CPU.ActiveCfg = Debug|Any CPU
		{6C096AB0-7C42-40B0-96FC-939C18A85975}.Debug|Any CPU.Build.0 = Debug|Any CPU
		{6C096AB0-7C42-40B0-96FC-939C18A85975}.Release|Any CPU.ActiveCfg = Release|Any CPU
		{6C096AB0-7C42-40B0-96FC-939C18A85975}.Release|Any CPU.Build.0 = Release|Any CPU
	EndGlobalSection
	GlobalSection(SolutionProperties) = preSolution
		HideSolutionNode = FALSE
	EndGlobalSection
	GlobalSection(ExtensibilityGlobals) = postSolution
		SolutionGuid = {8CFDF66B-0F71-4C90-A509-AF7119F0894E}
	EndGlobalSection
EndGlobal
